
Microsoft Visual Studio Solution File, Format Version 12.00
# Visual Studio Version 17
VisualStudioVersion = 17.6.33815.320
MinimumVisualStudioVersion = 10.0.40219.1
Project("{9A19103F-16F7-4668-BE54-9A1E7A4F7556}") = "InMemoryApp.Web", "InMemoryApp.Web\InMemoryApp.Web.csproj", "{0F859A6C-69C2-42DC-908F-E4334184ECAA}"
EndProject
Project("{FAE04EC0-301F-11D3-BF4B-00C04F79EFBC}") = "IDistributedCacheRedisApp.Web", "..\IDistributedCacheRedisApp.Web\IDistributedCacheRedisApp.Web.csproj", "{43B1A6F2-C364-44EB-9BC4-CD0090B09B59}"
EndProject
Global
	GlobalSection(SolutionConfigurationPlatforms) = preSolution
		Debug|Any CPU = Debug|Any CPU
		Release|Any CPU = Release|Any CPU
	EndGlobalSection
	GlobalSection(ProjectConfigurationPlatforms) = postSolution
		{0F859A6C-69C2-42DC-908F-E4334184ECAA}.Debug|Any CPU.ActiveCfg = Debug|Any CPU
		{0F859A6C-69C2-42DC-908F-E4334184ECAA}.Debug|Any CPU.Build.0 = Debug|Any CPU
		{0F859A6C-69C2-42DC-908F-E4334184ECAA}.Release|Any CPU.ActiveCfg = Release|Any CPU
		{0F859A6C-69C2-42DC-908F-E4334184ECAA}.Release|Any CPU.Build.0 = Release|Any CPU
		{43B1A6F2-C364-44EB-9BC4-CD0090B09B59}.Debug|Any CPU.ActiveCfg = Debug|Any CPU
		{43B1A6F2-C364-44EB-9BC4-CD0090B09B59}.Debug|Any CPU.Build.0 = Debug|Any CPU
		{43B1A6F2-C364-44EB-9BC4-CD0090B09B59}.Release|Any CPU.ActiveCfg = Release|Any CPU
		{43B1A6F2-C364-44EB-9BC4-CD0090B09B59}.Release|Any CPU.Build.0 = Release|Any CPU
	EndGlobalSection
	GlobalSection(SolutionProperties) = preSolution
		HideSolutionNode = FALSE
	EndGlobalSection
	GlobalSection(ExtensibilityGlobals) = postSolution
		SolutionGuid = {384C9D90-5C53-4411-B20B-BFEA9DED84D9}
	EndGlobalSection
EndGlobal
